# This file is autogenerated, do not edit; changes may be undone by the next 'dep ensure'.


[[projects]]
  digest = "1:4202ab09395574fdc038cf334a5e3c6887fb41dfd281bbc6007becc115cb44b4"
  name = "github.com/Comcast/pulsar-client-go"
  packages = [
    ".",
    "api",
    "frame",
  ]
  pruneopts = ""
  revision = "d669484e60e7f709498a119f36ed060ed0c1eeed"
  version = "v0.1.1"

[[projects]]
  digest = "1:ed112122ed4a920d944cc99b9d00b0441c11685939c28462c719488d36fe29aa"
  name = "github.com/boltdb/bolt"
  packages = ["."]
  pruneopts = ""
  revision = "2f1ce7a837dcb8da3ec595b1dac9d0632f0f99e8"
  version = "v1.3.1"

[[projects]]
  digest = "1:eb53021a8aa3f599d29c7102e65026242bdedce998a54837dc67f14b6a97c5fd"
  name = "github.com/fsnotify/fsnotify"
  packages = ["."]
  pruneopts = ""
  revision = "c2828203cd70a50dcccfb2761f8b1f8ceef9a8e9"
  version = "v1.4.7"

[[projects]]
  digest = "1:b852d2b62be24e445fcdbad9ce3015b44c207815d631230dfce3f14e7803f5bf"
  name = "github.com/golang/protobuf"
  packages = [
    "descriptor",
    "jsonpb",
    "proto",
    "protoc-gen-go/descriptor",
    "ptypes",
    "ptypes/any",
    "ptypes/duration",
    "ptypes/struct",
    "ptypes/timestamp",
    "ptypes/wrappers",
  ]
  pruneopts = ""
  revision = "6c65a5562fc06764971b7c5d05c76c75e84bdbf7"
  version = "v1.3.2"

[[projects]]
  digest = "1:ad92aa49f34cbc3546063c7eb2cabb55ee2278b72842eda80e2a20a8a06a8d73"
  name = "github.com/google/uuid"
  packages = ["."]
  pruneopts = ""
  revision = "0cd6bf5da1e1c83f8b45653022c74f71af0538a4"
  version = "v1.1.1"

[[projects]]
  digest = "1:a82fe90cbcaf5dfc8267a0b49e0ab0a67c636532c83b21326f5000817ef20d5b"
  name = "github.com/grpc-ecosystem/grpc-gateway"
  packages = [
    "internal",
    "runtime",
    "utilities",
  ]
  pruneopts = ""
  revision = "f7120437bb4f6c71f7f5076ad65a45310de2c009"
  version = "v1.12.1"

[[projects]]
  digest = "1:d14365c51dd1d34d5c79833ec91413bfbb166be978724f15701e17080dc06dec"
  name = "github.com/hashicorp/hcl"
  packages = [
    ".",
    "hcl/ast",
    "hcl/parser",
    "hcl/printer",
    "hcl/scanner",
    "hcl/strconv",
    "hcl/token",
    "json/parser",
    "json/scanner",
    "json/token",
  ]
  pruneopts = ""
  revision = "8cb6e5b959231cc1119e43259c4a608f9c51a241"
  version = "v1.0.0"

[[projects]]
  digest = "1:b3c5b95e56c06f5aa72cb2500e6ee5f44fcd122872d4fec2023a488e561218bc"
  name = "github.com/hpcloud/tail"
  packages = [
    ".",
    "ratelimiter",
    "util",
    "watch",
    "winfile",
  ]
  pruneopts = ""
  revision = "a30252cb686a21eb2d0b98132633053ec2f7f1e5"
  version = "v1.0.0"

[[projects]]
  digest = "1:870d441fe217b8e689d7949fef6e43efbc787e50f200cb1e70dbca9204a1d6be"
  name = "github.com/inconshreveable/mousetrap"
  packages = ["."]
  pruneopts = ""
  revision = "76626ae9c91c4f2a10f34cad8ce83ea42c93bb75"
  version = "v1.0"

[[projects]]
  digest = "1:64bdeae058b988b2b198326b1ca6155497e904e697348d838add8a6e4c25842e"
  name = "github.com/json-iterator/go"
  packages = ["."]
  pruneopts = ""
  revision = "03217c3e97663914aec3faafde50d081f197a0a2"
  version = "v1.1.8"

[[projects]]
  digest = "1:ae39921edb7f801f7ce1b6b5484f9715a1dd2b52cb645daef095cd10fd6ee774"
  name = "github.com/magiconair/properties"
  packages = ["."]
  pruneopts = ""
  revision = "de8848e004dd33dc07a2947b3d76f618a7fc7ef1"
  version = "v1.8.1"

[[projects]]
  digest = "1:bcc46a0fbd9e933087bef394871256b5c60269575bb661935874729c65bbbf60"
  name = "github.com/mitchellh/mapstructure"
  packages = ["."]
  pruneopts = ""
  revision = "3536a929edddb9a5b34bd6861dc4a9647cb459fe"
  version = "v1.1.2"

[[projects]]
  digest = "1:0c0ff2a89c1bb0d01887e1dac043ad7efbf3ec77482ef058ac423d13497e16fd"
  name = "github.com/modern-go/concurrent"
  packages = ["."]
  pruneopts = ""
  revision = "bacd9c7ef1dd9b15be4a9909b8ac7a4e313eec94"
  version = "1.0.3"

[[projects]]
  digest = "1:e32bdbdb7c377a07a9a46378290059822efdce5c8d96fe71940d87cb4f918855"
  name = "github.com/modern-go/reflect2"
  packages = ["."]
  pruneopts = ""
  revision = "4b7aa43c6742a2c18fdef89dd197aaae7dac7ccd"
  version = "1.0.1"

[[projects]]
  digest = "1:b0bacecd2391e7dfbdf9b1dc71c71f85082f949dcf72c472044b21ca05b9809b"
  name = "github.com/nalej/deployment-manager"
  packages = ["pkg/common"]
  pruneopts = ""
  revision = "0498ffb7ff321587085d2f3013073d28f70a71c4"
  version = "v0.3.0"

[[projects]]
  digest = "1:b651ba0ea8155a78a3a2b23e4cc86f85c44ce62856a565632444eb418d0d960e"
  name = "github.com/nalej/derrors"
  packages = ["."]
  pruneopts = ""
  revision = "bfc722761e86fbac74fae4f43db51901a538b72a"
  version = "v2.1.0"

[[projects]]
  branch = "master"
  digest = "1:135501afc40d5dd3dcd68ef4fe76446d152c71bf244141d064c80f9d3d8de532"
  name = "github.com/nalej/golang-template"
  packages = ["version"]
  pruneopts = ""
  revision = "613672cac2ccdb40dd70a55983bddda232bd850f"

[[projects]]
  digest = "1:516a1ea0b1ca3e3ee4ee7e6a6e9eded2b43f4330c4e3a1fa816a47eedfe16cfc"
  name = "github.com/nalej/grpc-account-go"
  packages = ["."]
  pruneopts = ""
  revision = "5f5186186c7c5914f26a657b24de07a5ca69af5b"
  version = "v0.0.2"

[[projects]]
  digest = "1:69de2bc55b15891640527390fe53d7634636555a75d12b946bd6b86860b83e61"
  name = "github.com/nalej/grpc-app-cluster-api-go"
  packages = ["."]
  pruneopts = ""
  revision = "8e92c56a130a0bd2356b7a44ca149d3f22b2d059"
  version = "v0.0.17"

[[projects]]
  digest = "1:b6844eec3faae47051ba88f4c003264e94833a3cc74de0f7e6bd936ccf7ca19b"
  name = "github.com/nalej/grpc-application-go"
  packages = ["."]
  pruneopts = ""
  revision = "27d9d79c7f2d3967057c0934355660d6615d1c45"
  version = "v0.0.86"

[[projects]]
  digest = "1:345c4e990857221495cc88b1d8ce32ee81de776f747b9d4404859896d38f091d"
  name = "github.com/nalej/grpc-application-network-go"
  packages = ["."]
  pruneopts = ""
  revision = "23e31ddcb31803af6616c30e02779ccc44607350"
  version = "v0.0.15"

[[projects]]
  digest = "1:cfdc08a44d4a20ba76521e370c464e9a3056154cbe939c8115f3f689b7eedc7a"
  name = "github.com/nalej/grpc-authx-go"
  packages = ["."]
  pruneopts = ""
  revision = "27c410c0c02716415a772e92832e9059a1c3e95a"
  version = "v0.0.50"

[[projects]]
  digest = "1:138ee21ed5896c1c96e4e87ec0a5f729ab9be0545bd0362fc6ffdc39e81b0cff"
  name = "github.com/nalej/grpc-bus-go"
  packages = ["."]
  pruneopts = ""
  revision = "b59079ae38f7c9eb535b1876c6bb319fddf1baa4"
  version = "v0.0.21"

[[projects]]
  digest = "1:c96717a83498637ef49ea903eaa07c20a1dc9511043b06da8ac8099dffa58b68"
  name = "github.com/nalej/grpc-cluster-watcher-go"
  packages = ["."]
  pruneopts = ""
  revision = "dab36160f6c422effd58b50582485154d5eae6b6"
  version = "v0.0.7"

[[projects]]
  digest = "1:afebe5d9834769b2016dbd9959f423658e53e6691c08090a746d26e2312b6207"
  name = "github.com/nalej/grpc-common-go"
  packages = ["."]
  pruneopts = ""
  revision = "6911d92a2f221527fe4ae93375ffe5a2b71b3c7a"
  version = "v0.0.34"

[[projects]]
  digest = "1:7a8ba8c56b116a037799514848afacd52474d6c0d33dbc72d3ba7c1de4e7bd33"
  name = "github.com/nalej/grpc-conductor-go"
  packages = ["."]
  pruneopts = ""
  revision = "3cb276e34c5c31e5aeeb9a1279b4682ff9b161ae"
  version = "v0.0.93"

[[projects]]
  digest = "1:3efed612f5abd564fb8a67232e6512c94595879e9eae78fb5d99e499d0595a9d"
  name = "github.com/nalej/grpc-connectivity-manager-go"
  packages = ["."]
  pruneopts = ""
  revision = "6356ce4ee26d171c3b2ac47203a2e36f35875406"
  version = "v0.0.3"

[[projects]]
  digest = "1:c9eb0397d2fd36253db74cc95685eabe6e117ccec53d264fbc2e56003e0af00f"
  name = "github.com/nalej/grpc-deployment-manager-go"
  packages = ["."]
  pruneopts = ""
  revision = "a7e3abe3c35e20e88c4eda7aa6e1e85318d29a09"
  version = "v0.0.54"

[[projects]]
  digest = "1:0bad099051ea5df46222752d38f98673d2ccec88ab40e30a9ec3d1473cbcd634"
  name = "github.com/nalej/grpc-device-controller-go"
  packages = ["."]
  pruneopts = ""
  revision = "a17911a9960d5b17ac0b40f4613a07258b831e69"
  version = "v0.0.8"

[[projects]]
  digest = "1:3ca41f78bb85f99af2d8700df5eb03447f0660fba1360d78bf3fa6d10d89ac85"
  name = "github.com/nalej/grpc-device-go"
  packages = ["."]
  pruneopts = ""
  revision = "4d8993a2e3a050aff85f5f34e0508f84a6ccb270"
  version = "v0.0.38"

[[projects]]
  digest = "1:8bf6a4f61d120a58f7d0f5c623dfd0767ae7719fc98f9ebd12c0cd96205c6e12"
  name = "github.com/nalej/grpc-device-manager-go"
  packages = ["."]
  pruneopts = ""
  revision = "63520a6d8f6e6adaa2e49dcd0fd970eaf285e1de"
  version = "v0.0.14"

[[projects]]
  digest = "1:e90c5a0c5e0037bde033aa289517430492933bbb8463d576155742a63f6cd91d"
  name = "github.com/nalej/grpc-infrastructure-go"
  packages = ["."]
  pruneopts = ""
  revision = "77f31816c5de01dabec7dd4f9438bffddc9e3a93"
  version = "v0.0.44"

[[projects]]
  digest = "1:6bbca7d893e45448d94e677f49b6dddd710afc2866408f8109a7313f36ed221d"
  name = "github.com/nalej/grpc-infrastructure-monitor-go"
  packages = ["."]
  pruneopts = ""
  revision = "f0b2679383393f4de772889420b1e5ab6ee77447"
  version = "v0.0.3"

[[projects]]
  digest = "1:3ff7102c03393dd8f56c2f8e7cc5f469bb83b2aa4800b64e25fe440214309d4e"
  name = "github.com/nalej/grpc-inventory-go"
  packages = ["."]
  pruneopts = ""
  revision = "e7ef121a4c1e38908a63afb1edde57fb24f15875"
  version = "v0.0.30"

[[projects]]
  digest = "1:aadce723b67827e0bdd529c2ec4b08609895c1959a1739d2f275d8d447d6c6c1"
  name = "github.com/nalej/grpc-inventory-manager-go"
  packages = ["."]
  pruneopts = ""
  revision = "9bc573adca95bf6e4debe84de9f6f4e30b266cab"
  version = "v0.0.56"

[[projects]]
  digest = "1:d3388514be7cf806b1c25193a776c089a39132d9a894cac4f2927d002203178a"
  name = "github.com/nalej/grpc-monitoring-go"
  packages = ["."]
  pruneopts = ""
  revision = "c2a8c0f161db818638c8e98816753d5ade5a95f0"
  version = "v0.0.6"

[[projects]]
  digest = "1:7751fa93ba35c03d96d9845818552006fd89da4ce00d1bbf67dee694e71bb9a8"
  name = "github.com/nalej/grpc-network-go"
  packages = ["."]
  pruneopts = ""
  revision = "93200c50283f7a231db85ab9753e23dd736b7daf"
  version = "v0.0.45"

[[projects]]
  digest = "1:0e5100c2c9fcced5b1c0f2306742cbd44dd401cfc52a4b90678c02277fb44ac2"
  name = "github.com/nalej/grpc-organization-go"
  packages = ["."]
  pruneopts = ""
  revision = "7d52d468280a36e3c7dff9633303edd50c416b0a"
  version = "v0.0.29"

[[projects]]
  digest = "1:742e280a68c2cbefdcc03e076ba7a2b22250cb9ba15e7e466eee55b0882e5282"
  name = "github.com/nalej/grpc-project-go"
  packages = ["."]
  pruneopts = ""
  revision = "37e82bc6c0190263e4856f6464b0cf06c9962dd5"
  version = "v0.0.2"

[[projects]]
  digest = "1:be9b75e8734511623a81a66b4e5d578ebd3b71562429950ea3784e6200d018e8"
  name = "github.com/nalej/grpc-unified-logging-go"
  packages = ["."]
  pruneopts = ""
  revision = "2e3d2b4924aadd448bdcc9c5fb9a59ffdd8197b0"
  version = "v0.0.3"

[[projects]]
  digest = "1:dbeda2ee45c23078db7b4873ee6b0ed06fe0be1a8fceb0ccefea5f8aa544fdf2"
  name = "github.com/nalej/grpc-user-go"
  packages = ["."]
  pruneopts = ""
  revision = "d8b3cc80788f39fadec3ca44c3fc1dff61a1971f"
  version = "v0.0.32"

[[projects]]
  digest = "1:0261633894934ecc23f9b2551c21676dc5e89554d76aafd8ccb84aff21196799"
  name = "github.com/nalej/grpc-utils"
  packages = [
    "pkg/conversions",
    "pkg/test",
    "pkg/tools",
  ]
  pruneopts = ""
  revision = "f47f46a9b4002710e515fe04b3287585e1736a3f"
  version = "v1.5.0"

[[projects]]
  digest = "1:34dae958b602bc4e551b2d7b1370d310a892304d16221636c42bcd0402347119"
  name = "github.com/nalej/nalej-bus"
  packages = [
    "pkg/bus",
    "pkg/bus/pulsar-comcast",
    "pkg/queue",
    "pkg/queue/application/events",
    "pkg/queue/application/ops",
    "pkg/queue/infrastructure/events",
    "pkg/queue/infrastructure/ops",
    "pkg/queue/network/ops",
  ]
  pruneopts = ""
  revision = "1dd74ce7d95af3f0b5f15f27043c0255ee0a05d1"
  version = "v0.4.0"

[[projects]]
  digest = "1:29ce2243f2fe4f22f1ce316ed342f75b9c452038f0165dc53691f5fb05bfac29"
  name = "github.com/nalej/service"
  packages = ["."]
  pruneopts = ""
  revision = "b5e9b4aeeaa5bd57501c1b49b3e5ae1903017178"
  version = "v1.0.0"

[[projects]]
  digest = "1:10d0f0b6be91698ca098ef472bfce7effe5eebedb411f8910f72d406cd19e309"
  name = "github.com/onsi/ginkgo"
  packages = [
    ".",
    "config",
    "internal/codelocation",
    "internal/containernode",
    "internal/failer",
    "internal/leafnodes",
    "internal/remote",
    "internal/spec",
    "internal/spec_iterator",
    "internal/specrunner",
    "internal/suite",
    "internal/testingtproxy",
    "internal/writer",
    "reporters",
    "reporters/stenographer",
    "reporters/stenographer/support/go-colorable",
    "reporters/stenographer/support/go-isatty",
    "types",
  ]
  pruneopts = ""
  revision = "ce5d301e555bb672c693c099ba6ca5087b06c0b4"
  version = "v1.10.3"

[[projects]]
  digest = "1:b7aa33bc4ef1beabadce97668b6e32fda21bdc81434704e3480b27a293833789"
  name = "github.com/onsi/gomega"
  packages = [
    ".",
    "format",
    "internal/assertion",
    "internal/asyncassertion",
    "internal/oraclematcher",
    "internal/testingtsupport",
    "matchers",
    "matchers/support/goraph/bipartitegraph",
    "matchers/support/goraph/edge",
    "matchers/support/goraph/node",
    "matchers/support/goraph/util",
    "types",
  ]
  pruneopts = ""
  revision = "f9a52764bd5a0fd2d201bcca584351d03b72f8da"
  version = "v1.7.1"

[[projects]]
  digest = "1:5f347ea0b4656f17f0ddffae1419dafaac4bc6ed57c92d58cadc7452f8a9ac3f"
  name = "github.com/pelletier/go-toml"
  packages = ["."]
  pruneopts = ""
  revision = "903d9455db9ff1d7ac1ab199062eca7266dd11a3"
  version = "v1.6.0"

[[projects]]
  digest = "1:f345819494f3c29e40d51e20ae2aaba8cf019f7da5ed61cc4f833d9c911addaf"
  name = "github.com/prometheus/client_golang"
  packages = [
    "api",
    "api/prometheus/v1",
  ]
  pruneopts = ""
  revision = "55450579111f95e3722cb93dec62fe9e847d6130"
  version = "v1.2.1"

[[projects]]
  digest = "1:e6315869762add748defb9e0fcc537738f78cabeaf70b2788aba9db13097b6e9"
  name = "github.com/prometheus/common"
  packages = ["model"]
  pruneopts = ""
  revision = "17f5ca1748182ddf24fc33a5a7caaaf790a52fcc"
  version = "v0.4.1"

[[projects]]
  digest = "1:349884fbc84da0cc04726aacc98616d2a229cbb4139d96b5def6a6b7016e354b"
  name = "github.com/rs/zerolog"
  packages = [
    ".",
    "internal/cbor",
    "internal/json",
    "log",
  ]
  pruneopts = ""
  revision = "7592fcbe604741a8d6044390c09d70c01569e1b3"
  version = "v1.16.0"

[[projects]]
  digest = "1:956f655c87b7255c6b1ae6c203ebb0af98cf2a13ef2507e34c9bf1c0332ac0f5"
  name = "github.com/spf13/afero"
  packages = [
    ".",
    "mem",
  ]
  pruneopts = ""
  revision = "588a75ec4f32903aa5e39a2619ba6a4631e28424"
  version = "v1.2.2"

[[projects]]
  digest = "1:ae3493c780092be9d576a1f746ab967293ec165e8473425631f06658b6212afc"
  name = "github.com/spf13/cast"
  packages = ["."]
  pruneopts = ""
  revision = "8c9545af88b134710ab1cd196795e7f2388358d7"
  version = "v1.3.0"

[[projects]]
  digest = "1:0c63b3c7ad6d825a898f28cb854252a3b29d37700c68a117a977263f5ec94efe"
  name = "github.com/spf13/cobra"
  packages = ["."]
  pruneopts = ""
  revision = "f2b07da1e2c38d5f12845a4f607e2e1018cbb1f5"
  version = "v0.0.5"

[[projects]]
  digest = "1:cc15ae4fbdb02ce31f3392361a70ac041f4f02e0485de8ffac92bd8033e3d26e"
  name = "github.com/spf13/jwalterweatherman"
  packages = ["."]
  pruneopts = ""
  revision = "94f6ae3ed3bceceafa716478c5fbf8d29ca601a1"
  version = "v1.1.0"

[[projects]]
  digest = "1:688428eeb1ca80d92599eb3254bdf91b51d7e232fead3a73844c1f201a281e51"
  name = "github.com/spf13/pflag"
  packages = ["."]
  pruneopts = ""
  revision = "2e9d26c8c37aae03e3f9d4e90b7116f5accb7cab"
  version = "v1.0.5"

[[projects]]
  digest = "1:6dc33597c06f8d16061307141bd5e9a0feb66cc3196ef8b1177624092a977439"
  name = "github.com/spf13/viper"
  packages = ["."]
  pruneopts = ""
  revision = "72b022eb357a56469725dcd03918449e2278d02e"
  version = "v1.5.0"

[[projects]]
  digest = "1:e818a738c880c5571b3817e9173add5c598a90f8615fa7a9bafc23fea774a603"
  name = "github.com/subosito/gotenv"
  packages = ["."]
  pruneopts = ""
  revision = "2ef7124db659d49edac6aa459693a15ae36c671a"
  version = "v1.2.0"

[[projects]]
  digest = "1:4cd913f416573f49d40d98effb0d20458f7428332c7c211d18b3803cff04069a"
  name = "github.com/yourbasic/graph"
  packages = ["."]
  pruneopts = ""
  revision = "40eb135c0b2618a87b653037e2697f58436d4666"
  version = "1.0.5"

[[projects]]
  branch = "master"
  digest = "1:8d877334a2b4e877f8391b36a80e60ee534eb1e029d46095c2f6b3ce4f988280"
  name = "golang.org/x/net"
  packages = [
    "context",
    "html",
    "html/atom",
    "html/charset",
    "http/httpguts",
    "http2",
    "http2/hpack",
    "idna",
    "internal/timeseries",
    "trace",
  ]
  pruneopts = ""
  revision = "a882066a44e04a21d46e51451c71e131344e830e"

[[projects]]
  branch = "master"
  digest = "1:1deb71b1265271953f4d69f7fe135f09e418d0868d499ef1380bdc56afc90e22"
  name = "golang.org/x/sys"
  packages = ["unix"]
  pruneopts = ""
  revision = "c1f44814a5cd81a6d1cb589ef1e528bc5d305e07"

[[projects]]
  digest = "1:740b51a55815493a8d0f2b1e0d0ae48fe48953bf7eaf3fcc4198823bf67768c0"
  name = "golang.org/x/text"
  packages = [
    "collate",
    "collate/build",
    "encoding",
    "encoding/charmap",
    "encoding/htmlindex",
    "encoding/internal",
    "encoding/internal/identifier",
    "encoding/japanese",
    "encoding/korean",
    "encoding/simplifiedchinese",
    "encoding/traditionalchinese",
    "encoding/unicode",
    "internal/colltab",
    "internal/gen",
    "internal/language",
    "internal/language/compact",
    "internal/tag",
    "internal/triegen",
    "internal/ucd",
    "internal/utf8internal",
    "language",
    "runes",
    "secure/bidirule",
    "transform",
    "unicode/bidi",
    "unicode/cldr",
    "unicode/norm",
    "unicode/rangetable",
  ]
  pruneopts = ""
  revision = "342b2e1fbaa52c93f31447ad2c6abc048c63e475"
  version = "v0.3.2"

[[projects]]
  branch = "master"
  digest = "1:b29336aebd5fb26d3f6b8e776969db4e4e29765ff7313eb43d4593961a64e438"
  name = "google.golang.org/genproto"
  packages = [
    "googleapis/api/annotations",
    "googleapis/api/httpbody",
    "googleapis/rpc/errdetails",
    "googleapis/rpc/status",
    "protobuf/field_mask",
  ]
  pruneopts = ""
  revision = "919d9bdd9fe6f1a5dd95ce5d5e4cdb8fd3c516d0"

[[projects]]
  digest = "1:6876314013b2708a45f6b3f1b7b9da5200da75a5afd4edb3fbeed9b1dbeedc8d"
  name = "google.golang.org/grpc"
  packages = [
    ".",
    "backoff",
    "balancer",
    "balancer/base",
    "balancer/roundrobin",
    "binarylog/grpc_binarylog_v1",
    "codes",
    "connectivity",
    "credentials",
    "credentials/internal",
    "encoding",
    "encoding/proto",
    "grpclog",
    "internal",
    "internal/backoff",
    "internal/balancerload",
    "internal/binarylog",
    "internal/buffer",
    "internal/channelz",
    "internal/envconfig",
    "internal/grpcrand",
    "internal/grpcsync",
    "internal/resolver/dns",
    "internal/resolver/passthrough",
    "internal/syscall",
    "internal/transport",
    "keepalive",
    "metadata",
    "naming",
    "peer",
    "reflection",
    "reflection/grpc_reflection_v1alpha",
    "resolver",
    "serviceconfig",
    "stats",
    "status",
    "tap",
    "test/bufconn",
  ]
  pruneopts = ""
  revision = "9d331e2b02dd47daeecae02790f61cc88dc75a64"
  version = "v1.25.0"

[[projects]]
  digest = "1:eb53021a8aa3f599d29c7102e65026242bdedce998a54837dc67f14b6a97c5fd"
  name = "gopkg.in/fsnotify.v1"
  packages = ["."]
  pruneopts = ""
  revision = "c2828203cd70a50dcccfb2761f8b1f8ceef9a8e9"
  source = "https://github.com/fsnotify/fsnotify/archive/v1.4.7.tar.gz"
  version = "v1.4.7"

[[projects]]
  branch = "v1"
  digest = "1:a96d16bd088460f2e0685d46c39bcf1208ba46e0a977be2df49864ec7da447dd"
  name = "gopkg.in/tomb.v1"
  packages = ["."]
  pruneopts = ""
  revision = "dd632973f1e7218eb1089048e0798ec9ae7dceb8"

[[projects]]
  digest = "1:16c45073e621eb4261d14740daeaf985e53657ebb40b14fc56499c23e876f84a"
  name = "gopkg.in/yaml.v2"
  packages = ["."]
  pruneopts = ""
  revision = "f90ceb4f409096b60e2e9076b38b304b8246e5fa"
  version = "v2.2.5"

[solve-meta]
  analyzer-name = "dep"
  analyzer-version = 1
  input-imports = [
    "github.com/boltdb/bolt",
    "github.com/google/uuid",
    "github.com/nalej/deployment-manager/pkg/common",
    "github.com/nalej/derrors",
    "github.com/nalej/golang-template/version",
    "github.com/nalej/grpc-app-cluster-api-go",
    "github.com/nalej/grpc-application-go",
    "github.com/nalej/grpc-application-network-go",
    "github.com/nalej/grpc-authx-go",
    "github.com/nalej/grpc-common-go",
    "github.com/nalej/grpc-conductor-go",
    "github.com/nalej/grpc-connectivity-manager-go",
    "github.com/nalej/grpc-deployment-manager-go",
    "github.com/nalej/grpc-device-go",
    "github.com/nalej/grpc-infrastructure-go",
    "github.com/nalej/grpc-monitoring-go",
    "github.com/nalej/grpc-network-go",
    "github.com/nalej/grpc-organization-go",
    "github.com/nalej/grpc-unified-logging-go",
    "github.com/nalej/grpc-utils/pkg/conversions",
    "github.com/nalej/grpc-utils/pkg/test",
    "github.com/nalej/grpc-utils/pkg/tools",
    "github.com/nalej/nalej-bus/pkg/bus/pulsar-comcast",
    "github.com/nalej/nalej-bus/pkg/queue/application/events",
    "github.com/nalej/nalej-bus/pkg/queue/application/ops",
    "github.com/nalej/nalej-bus/pkg/queue/infrastructure/events",
    "github.com/nalej/nalej-bus/pkg/queue/infrastructure/ops",
    "github.com/nalej/nalej-bus/pkg/queue/network/ops",
    "github.com/nalej/service",
    "github.com/onsi/ginkgo",
    "github.com/onsi/gomega",
    "github.com/prometheus/client_golang/api",
    "github.com/prometheus/client_golang/api/prometheus/v1",
    "github.com/prometheus/common/model",
    "github.com/rs/zerolog",
    "github.com/rs/zerolog/log",
    "github.com/spf13/cobra",
    "github.com/spf13/viper",
    "github.com/yourbasic/graph",
    "google.golang.org/grpc",
    "google.golang.org/grpc/credentials",
    "google.golang.org/grpc/reflection",
    "google.golang.org/grpc/test/bufconn",
  ]
  solver-name = "gps-cdcl"
  solver-version = 1
